<?xml version="1.0" encoding="utf-8"?>
<Project ToolsVersion="4.0" xmlns="http://schemas.microsoft.com/developer/msbuild/2003">
  <ItemGroup>
    <Filter Include="リソース ファイル">
      <UniqueIdentifier>{67DA6AB6-F800-4c08-8B7A-83BB121AAD01}</UniqueIdentifier>
      <Extensions>rc;ico;cur;bmp;dlg;rc2;rct;bin;rgs;gif;jpg;jpeg;jpe;resx;tiff;tif;png;wav;mfcribbon-ms</Extensions>
    </Filter>
    <Filter Include="Engine">
      <UniqueIdentifier>{a32e787f-7f39-4396-acc8-9a56dc3093f7}</UniqueIdentifier>
    </Filter>
    <Filter Include="Engine\Core">
      <UniqueIdentifier>{f18d8d58-ae61-492e-aeb4-2ace696aef47}</UniqueIdentifier>
    </Filter>
    <Filter Include="Engine\Graphics">
      <UniqueIdentifier>{4c1bee18-47e3-4195-a16e-d9e9320bac5d}</UniqueIdentifier>
    </Filter>
    <Filter Include="Engine\Input">
      <UniqueIdentifier>{c7f00eb9-643f-4552-8f8a-ef3ccaf3def3}</UniqueIdentifier>
    </Filter>
    <Filter Include="Engine\System">
      <UniqueIdentifier>{eb3a1c5c-804c-4d37-b0af-d6ba9ce830ec}</UniqueIdentifier>
    </Filter>
    <Filter Include="External">
      <UniqueIdentifier>{fb5078ef-f07f-4ab8-9ea1-f3d98ff96d7a}</UniqueIdentifier>
    </Filter>
    <Filter Include="Assets">
      <UniqueIdentifier>{3221e503-6167-4153-9264-a41b02888b0c}</UniqueIdentifier>
    </Filter>
    <Filter Include="Tools">
      <UniqueIdentifier>{14f29aae-d3f7-48d0-a769-83d7b8f7026c}</UniqueIdentifier>
    </Filter>
    <Filter Include="App">
      <UniqueIdentifier>{b3abdcf2-ade6-4b40-9d68-9898b9c97a31}</UniqueIdentifier>
    </Filter>
    <Filter Include="App\ソース ファイル">
      <UniqueIdentifier>{4FC737F1-C7A5-4376-A066-2A32D752A2FF}</UniqueIdentifier>
      <Extensions>cpp;c;cc;cxx;c++;cppm;ixx;def;odl;idl;hpj;bat;asm;asmx</Extensions>
    </Filter>
    <Filter Include="App\ヘッダー ファイル">
      <UniqueIdentifier>{93995380-89BD-4b04-88EB-625FBE52EBFB}</UniqueIdentifier>
      <Extensions>h;hh;hpp;hxx;h++;hm;inl;inc;ipp;xsd</Extensions>
    </Filter>
  </ItemGroup>
  <ItemGroup>
    <ClCompile Include="main.cpp">
      <Filter>App\ソース ファイル</Filter>
    </ClCompile>
    <ClCompile Include="Engine\Core\Engine.cpp">
      <Filter>Engine\Core</Filter>
    </ClCompile>
  </ItemGroup>
  <ItemGroup>
    <ClInclude Include="Engine.h">
      <Filter>Engine\Core</Filter>
    </ClInclude>
    <ClInclude Include="main.h">
      <Filter>App\ソース ファイル</Filter>
    </ClInclude>
  </ItemGroup>
</Project>